// !$*UTF8*$!
{
	archiveVersion = 1;
	classes = {
	};
	objectVersion = 77;
	objects = {

/* Begin PBXBuildFile section */
		E35301632F34F36000A44B66 /* knife_chop_short.wav in Resources */ = {isa = PBXBuildFile; fileRef = E35301622F34F36000A44B66 /* knife_chop_short.wav */; };
/* End PBXBuildFile section */

/* Begin PBXContainerItemProxy section */
		E35301022F32547700A44B66 /* PBXContainerItemProxy */ = {
			isa = PBXContainerItemProxy;
			containerPortal = E35300EC2F32547600A44B66 /* Project object */;
			proxyType = 1;
			remoteGlobalIDString = E35300F32F32547600A44B66;
			remoteInfo = BraidingGameSpriteKit;
		};
		E353010C2F32547700A44B66 /* PBXContainerItemProxy */ = {
			isa = PBXContainerItemProxy;
			containerPortal = E35300EC2F32547600A44B66 /* Project object */;
			proxyType = 1;
			remoteGlobalIDString = E35300F32F32547600A44B66;
			remoteInfo = BraidingGameSpriteKit;
		};
/* End PBXContainerItemProxy section */

/* Begin PBXFileReference section */
		E35300F42F32547600A44B66 /* BraidingGameSpriteKit.app */ = {isa = PBXFileReference; explicitFileType = wrapper.application; includeInIndex = 0; path = BraidingGameSpriteKit.app; sourceTree = BUILT_PRODUCTS_DIR; };
		E35301012F32547700A44B66 /* BraidingGameSpriteKitTests.xctest */ = {isa = PBXFileReference; explicitFileType = wrapper.cfbundle; includeInIndex = 0; path = BraidingGameSpriteKitTests.xctest; sourceTree = BUILT_PRODUCTS_DIR; };
		E353010B2F32547700A44B66 /* BraidingGameSpriteKitUITests.xctest */ = {isa = PBXFileReference; explicitFileType = wrapper.cfbundle; includeInIndex = 0; path = BraidingGameSpriteKitUITests.xctest; sourceTree = BUILT_PRODUCTS_DIR; };
		E35301622F34F36000A44B66 /* knife_chop_short.wav */ = {isa = PBXFileReference; lastKnownFileType = audio.wav; path = knife_chop_short.wav; sourceTree = "<group>"; };
/* End PBXFileReference section */

/* Begin PBXFileSystemSynchronizedBuildFileExceptionSet section */
		E35301692F3A306800A44B66 /* Exceptions for "BraidingGameSpriteKit" folder in "BraidingGameSpriteKit" target */ = {
			isa = PBXFileSystemSynchronizedBuildFileExceptionSet;
			membershipExceptions = (
				Info.plist,
			);
			target = E35300F32F32547600A44B66 /* BraidingGameSpriteKit */;
		};
/* End PBXFileSystemSynchronizedBuildFileExceptionSet section */

/* Begin PBXFileSystemSynchronizedRootGroup section */
		E35300F62F32547600A44B66 /* BraidingGameSpriteKit */ = {
			isa = PBXFileSystemSynchronizedRootGroup;
			exceptions = (
				E35301692F3A306800A44B66 /* Exceptions for "BraidingGameSpriteKit" folder in "BraidingGameSpriteKit" target */,
			);
			path = BraidingGameSpriteKit;
			sourceTree = "<group>";
		};
		E35301042F32547700A44B66 /* BraidingGameSpriteKitTests */ = {
			isa = PBXFileSystemSynchronizedRootGroup;
			path = BraidingGameSpriteKitTests;
			sourceTree = "<group>";
		};
		E353010E2F32547700A44B66 /* BraidingGameSpriteKitUITests */ = {
			isa = PBXFileSystemSynchronizedRootGroup;
			path = BraidingGameSpriteKitUITests;
			sourceTree = "<group>";
		};
		E353016A2F3A314500A44B66 /* Fonts */ = {
			isa = PBXFileSystemSynchronizedRootGroup;
			path = Fonts;
			sourceTree = "<group>";
		};
/* End PBXFileSystemSynchronizedRootGroup section */

/* Begin PBXFrameworksBuildPhase section */
		E35300F12F32547600A44B66 /* Frameworks */ = {
			isa = PBXFrameworksBuildPhase;
			buildActionMask = 2147483647;
			files = (
			);
			runOnlyForDeploymentPostprocessing = 0;
		};
		E35300FE2F32547700A44B66 /* Frameworks */ = {
			isa = PBXFrameworksBuildPhase;
			buildActionMask = 2147483647;
			files = (
			);
			runOnlyForDeploymentPostprocessing = 0;
		};
		E35301082F32547700A44B66 /* Frameworks */ = {
			isa = PBXFrameworksBuildPhase;
			buildActionMask = 2147483647;
			files = (
			);
			runOnlyForDeploymentPostprocessing = 0;
		};
/* End PBXFrameworksBuildPhase section */

/* Begin PBXGroup section */
		E35300EB2F32547600A44B66 = {
			isa = PBXGroup;
			children = (
				E353016A2F3A314500A44B66 /* Fonts */,
				E35301622F34F36000A44B66 /* knife_chop_short.wav */,
				E35300F62F32547600A44B66 /* BraidingGameSpriteKit */,
				E35301042F32547700A44B66 /* BraidingGameSpriteKitTests */,
				E353010E2F32547700A44B66 /* BraidingGameSpriteKitUITests */,
				E35300F52F32547600A44B66 /* Products */,
			);
			sourceTree = "<group>";
		};
		E35300F52F32547600A44B66 /* Products */ = {
			isa = PBXGroup;
			children = (
				E35300F42F32547600A44B66 /* BraidingGameSpriteKit.app */,
				E35301012F32547700A44B66 /* BraidingGameSpriteKitTests.xctest */,
				E353010B2F32547700A44B66 /* BraidingGameSpriteKitUITests.xctest */,
			);
			name = Products;
			sourceTree = "<group>";
		};
/* End PBXGroup section */

/* Begin PBXNativeTarget section */
		E35300F32F32547600A44B66 /* BraidingGameSpriteKit */ = {
			isa = PBXNativeTarget;
			buildConfigurationList = E35301152F32547700A44B66 /* Build configuration list for PBXNativeTarget "BraidingGameSpriteKit" */;
			buildPhases = (
				E35300F02F32547600A44B66 /* Sources */,
				E35300F12F32547600A44B66 /* Frameworks */,
				E35300F22F32547600A44B66 /* Resources */,
			);
			buildRules = (
			);
			dependencies = (
			);
			fileSystemSynchronizedGroups = (
				E35300F62F32547600A44B66 /* BraidingGameSpriteKit */,
				E353016A2F3A314500A44B66 /* Fonts */,
			);
			name = BraidingGameSpriteKit;
			packageProductDependencies = (
			);
			productName = BraidingGameSpriteKit;
			productReference = E35300F42F32547600A44B66 /* BraidingGameSpriteKit.app */;
			productType = "com.apple.product-type.application";
		};
		E35301002F32547700A44B66 /* BraidingGameSpriteKitTests */ = {
			isa = PBXNativeTarget;
			buildConfigurationList = E35301182F32547700A44B66 /* Build configuration list for PBXNativeTarget "BraidingGameSpriteKitTests" */;
			buildPhases = (
				E35300FD2F32547700A44B66 /* Sources */,
				E35300FE2F32547700A44B66 /* Frameworks */,
				E35300FF2F32547700A44B66 /* Resources */,
			);
			buildRules = (
			);
			dependencies = (
				E35301032F32547700A44B66 /* PBXTargetDependency */,
			);
			fileSystemSynchronizedGroups = (
				E35301042F32547700A44B66 /* BraidingGameSpriteKitTests */,
			);
			name = BraidingGameSpriteKitTests;
			packageProductDependencies = (
			);
			productName = BraidingGameSpriteKitTests;
			productReference = E35301012F32547700A44B66 /* BraidingGameSpriteKitTests.xctest */;
			productType = "com.apple.product-type.bundle.unit-test";
		};
		E353010A2F32547700A44B66 /* BraidingGameSpriteKitUITests */ = {
			isa = PBXNativeTarget;
			buildConfigurationList = E353011B2F32547700A44B66 /* Build configuration list for PBXNativeTarget "BraidingGameSpriteKitUITests" */;
			buildPhases = (
				E35301072F32547700A44B66 /* Sources */,
				E35301082F32547700A44B66 /* Frameworks */,
				E35301092F32547700A44B66 /* Resources */,
			);
			buildRules = (
			);
			dependencies = (
				E353010D2F32547700A44B66 /* PBXTargetDependency */,
			);
			fileSystemSynchronizedGroups = (
				E353010E2F32547700A44B66 /* BraidingGameSpriteKitUITests */,
			);
			name = BraidingGameSpriteKitUITests;
			packageProductDependencies = (
			);
			productName = BraidingGameSpriteKitUITests;
			productReference = E353010B2F32547700A44B66 /* BraidingGameSpriteKitUITests.xctest */;
			productType = "com.apple.product-type.bundle.ui-testing";
		};
/* End PBXNativeTarget section */

/* Begin PBXProject section */
		E35300EC2F32547600A44B66 /* Project object */ = {
			isa = PBXProject;
			attributes = {
				BuildIndependentTargetsInParallel = 1;
				LastSwiftUpdateCheck = 2620;
				LastUpgradeCheck = 2620;
				TargetAttributes = {
					E35300F32F32547600A44B66 = {
						CreatedOnToolsVersion = 26.2;
					};
					E35301002F32547700A44B66 = {
						CreatedOnToolsVersion = 26.2;
						TestTargetID = E35300F32F32547600A44B66;
					};
					E353010A2F32547700A44B66 = {
						CreatedOnToolsVersion = 26.2;
						TestTargetID = E35300F32F32547600A44B66;
					};
				};
			};
			buildConfigurationList = E35300EF2F32547600A44B66 /* Build configuration list for PBXProject "BraidingGameSpriteKit" */;
			developmentRegion = en;
			hasScannedForEncodings = 0;
			knownRegions = (
				en,
				Base,
			);
			mainGroup = E35300EB2F32547600A44B66;
			minimizedProjectReferenceProxies = 1;
			preferredProjectObjectVersion = 77;
			productRefGroup = E35300F52F32547600A44B66 /* Products */;
			projectDirPath = "";
			projectRoot = "";
			targets = (
				E35300F32F32547600A44B66 /* BraidingGameSpriteKit */,
				E35301002F32547700A44B66 /* BraidingGameSpriteKitTests */,
				E353010A2F32547700A44B66 /* BraidingGameSpriteKitUITests */,
			);
		};
/* End PBXProject section */

/* Begin PBXResourcesBuildPhase section */
		E35300F22F32547600A44B66 /* Resources */ = {
			isa = PBXResourcesBuildPhase;
			buildActionMask = 2147483647;
			files = (
				E35301632F34F36000A44B66 /* knife_chop_short.wav in Resources */,
			);
			runOnlyForDeploymentPostprocessing = 0;
		};
		E35300FF2F32547700A44B66 /* Resources */ = {
			isa = PBXResourcesBuildPhase;
			buildActionMask = 2147483647;
			files = (
			);
			runOnlyForDeploymentPostprocessing = 0;
		};
		E35301092F32547700A44B66 /* Resources */ = {
			isa = PBXResourcesBuildPhase;
			buildActionMask = 2147483647;
			files = (
			);
			runOnlyForDeploymentPostprocessing = 0;
		};
/* End PBXResourcesBuildPhase section */

/* Begin PBXSourcesBuildPhase section */
		E35300F02F32547600A44B66 /* Sources */ = {
			isa = PBXSourcesBuildPhase;
			buildActionMask = 2147483647;
			files = (
			);
			runOnlyForDeploymentPostprocessing = 0;
		};
		E35300FD2F32547700A44B66 /* Sources */ = {
			isa = PBXSourcesBuildPhase;
			buildActionMask = 2147483647;
			files = (
			);
			runOnlyForDeploymentPostprocessing = 0;
		};
		E35301072F32547700A44B66 /* Sources */ = {
			isa = PBXSourcesBuildPhase;
			buildActionMask = 2147483647;
			files = (
			);
			runOnlyForDeploymentPostprocessing = 0;
		};
/* End PBXSourcesBuildPhase section */

/* Begin PBXTargetDependency section */
		E35301032F32547700A44B66 /* PBXTargetDependency */ = {
			isa = PBXTargetDependency;
			target = E35300F32F32547600A44B66 /* BraidingGameSpriteKit */;
			targetProxy = E35301022F32547700A44B66 /* PBXContainerItemProxy */;
		};
		E353010D2F32547700A44B66 /* PBXTargetDependency */ = {
			isa = PBXTargetDependency;
			target = E35300F32F32547600A44B66 /* BraidingGameSpriteKit */;
			targetProxy = E353010C2F32547700A44B66 /* PBXContainerItemProxy */;
		};
/* End PBXTargetDependency section */

/* Begin XCBuildConfiguration section */
		E35301132F32547700A44B66 /* Debug */ = {
			isa = XCBuildConfiguration;
			buildSettings = {
				ALWAYS_SEARCH_USER_PATHS = NO;
				ASSETCATALOG_COMPILER_GENERATE_SWIFT_ASSET_SYMBOL_EXTENSIONS = YES;
				CLANG_ANALYZER_NONNULL = YES;
				CLANG_ANALYZER_NUMBER_OBJECT_CONVERSION = YES_AGGRESSIVE;
				CLANG_CXX_LANGUAGE_STANDARD = "gnu++20";
				CLANG_ENABLE_MODULES = YES;
				CLANG_ENABLE_OBJC_ARC = YES;
				CLANG_ENABLE_OBJC_WEAK = YES;
				CLANG_WARN_BLOCK_CAPTURE_AUTORELEASING = YES;
				CLANG_WARN_BOOL_CONVERSION = YES;
				CLANG_WARN_COMMA = YES;
				CLANG_WARN_CONSTANT_CONVERSION = YES;
				CLANG_WARN_DEPRECATED_OBJC_IMPLEMENTATIONS = YES;
				CLANG_WARN_DIRECT_OBJC_ISA_USAGE = YES_ERROR;
				CLANG_WARN_DOCUMENTATION_COMMENTS = YES;
				CLANG_WARN_EMPTY_BODY = YES;
				CLANG_WARN_ENUM_CONVERSION = YES;
				CLANG_WARN_INFINITE_RECURSION = YES;
				CLANG_WARN_INT_CONVERSION = YES;
				CLANG_WARN_NON_LITERAL_NULL_CONVERSION = YES;
				CLANG_WARN_OBJC_IMPLICIT_RETAIN_SELF = YES;
				CLANG_WARN_OBJC_LITERAL_CONVERSION = YES;
				CLANG_WARN_OBJC_ROOT_CLASS = YES_ERROR;
				CLANG_WARN_QUOTED_INCLUDE_IN_FRAMEWORK_HEADER = YES;
				CLANG_WARN_RANGE_LOOP_ANALYSIS = YES;
				CLANG_WARN_STRICT_PROTOTYPES = YES;
				CLANG_WARN_SUSPICIOUS_MOVE = YES;
				CLANG_WARN_UNGUARDED_AVAILABILITY = YES_AGGRESSIVE;
				CLANG_WARN_UNREACHABLE_CODE = YES;
				CLANG_WARN__DUPLICATE_METHOD_MATCH = YES;
				COPY_PHASE_STRIP = NO;
				DEBUG_INFORMATION_FORMAT = dwarf;
				DEVELOPMENT_TEAM = 594SKYZ8NY;
				ENABLE_STRICT_OBJC_MSGSEND = YES;
				ENABLE_TESTABILITY = YES;
				ENABLE_USER_SCRIPT_SANDBOXING = YES;
				GCC_C_LANGUAGE_STANDARD = gnu17;
				GCC_DYNAMIC_NO_PIC = NO;
				GCC_NO_COMMON_BLOCKS = YES;
				GCC_OPTIMIZATION_LEVEL = 0;
				GCC_PREPROCESSOR_DEFINITIONS = (
					"DEBUG=1",
					"$(inherited)",
				);
				GCC_WARN_64_TO_32_BIT_CONVERSION = YES;
				GCC_WARN_ABOUT_RETURN_TYPE = YES_ERROR;
				GCC_WARN_UNDECLARED_SELECTOR = YES;
				GCC_WARN_UNINITIALIZED_AUTOS = YES_AGGRESSIVE;
				GCC_WARN_UNUSED_FUNCTION = YES;
				GCC_WARN_UNUSED_VARIABLE = YES;
				IPHONEOS_DEPLOYMENT_TARGET = 26.2;
				LOCALIZATION_PREFERS_STRING_CATALOGS = YES;
				MTL_ENABLE_DEBUG_INFO = INCLUDE_SOURCE;
				MTL_FAST_MATH = YES;
				ONLY_ACTIVE_ARCH = YES;
				SDKROOT = iphoneos;
				SWIFT_ACTIVE_COMPILATION_CONDITIONS = "DEBUG $(inherited)";
				SWIFT_OPTIMIZATION_LEVEL = "-Onone";
			};
			name = Debug;
		};
		E35301142F32547700A44B66 /* Release */ = {
			isa = XCBuildConfiguration;
			buildSettings = {
				ALWAYS_SEARCH_USER_PATHS = NO;
				ASSETCATALOG_COMPILER_GENERATE_SWIFT_ASSET_SYMBOL_EXTENSIONS = YES;
				CLANG_ANALYZER_NONNULL = YES;
				CLANG_ANALYZER_NUMBER_OBJECT_CONVERSION = YES_AGGRESSIVE;
				CLANG_CXX_LANGUAGE_STANDARD = "gnu++20";
				CLANG_ENABLE_MODULES = YES;
				CLANG_ENABLE_OBJC_ARC = YES;
				CLANG_ENABLE_OBJC_WEAK = YES;
				CLANG_WARN_BLOCK_CAPTURE_AUTORELEASING = YES;
				CLANG_WARN_BOOL_CONVERSION = YES;
				CLANG_WARN_COMMA = YES;
				CLANG_WARN_CONSTANT_CONVERSION = YES;
				CLANG_WARN_DEPRECATED_OBJC_IMPLEMENTATIONS = YES;
				CLANG_WARN_DIRECT_OBJC_ISA_USAGE = YES_ERROR;
				CLANG_WARN_DOCUMENTATION_COMMENTS = YES;
				CLANG_WARN_EMPTY_BODY = YES;
				CLANG_WARN_ENUM_CONVERSION = YES;
				CLANG_WARN_INFINITE_RECURSION = YES;
				CLANG_WARN_INT_CONVERSION = YES;
				CLANG_WARN_NON_LITERAL_NULL_CONVERSION = YES;
				CLANG_WARN_OBJC_IMPLICIT_RETAIN_SELF = YES;
				CLANG_WARN_OBJC_LITERAL_CONVERSION = YES;
				CLANG_WARN_OBJC_ROOT_CLASS = YES_ERROR;
				CLANG_WARN_QUOTED_INCLUDE_IN_FRAMEWORK_HEADER = YES;
				CLANG_WARN_RANGE_LOOP_ANALYSIS = YES;
				CLANG_WARN_STRICT_PROTOTYPES = YES;
				CLANG_WARN_SUSPICIOUS_MOVE = YES;
				CLANG_WARN_UNGUARDED_AVAILABILITY = YES_AGGRESSIVE;
				CLANG_WARN_UNREACHABLE_CODE = YES;
				CLANG_WARN__DUPLICATE_METHOD_MATCH = YES;
				COPY_PHASE_STRIP = NO;
				DEBUG_INFORMATION_FORMAT = "dwarf-with-dsym";
				DEVELOPMENT_TEAM = 594SKYZ8NY;
				ENABLE_NS_ASSERTIONS = NO;
				ENABLE_STRICT_OBJC_MSGSEND = YES;
				ENABLE_USER_SCRIPT_SANDBOXING = YES;
				GCC_C_LANGUAGE_STANDARD = gnu17;
				GCC_NO_COMMON_BLOCKS = YES;
				GCC_WARN_64_TO_32_BIT_CONVERSION = YES;
				GCC_WARN_ABOUT_RETURN_TYPE = YES_ERROR;
				GCC_WARN_UNDECLARED_SELECTOR = YES;
				GCC_WARN_UNINITIALIZED_AUTOS = YES_AGGRESSIVE;
				GCC_WARN_UNUSED_FUNCTION = YES;
				GCC_WARN_UNUSED_VARIABLE = YES;
				IPHONEOS_DEPLOYMENT_TARGET = 26.2;
				LOCALIZATION_PREFERS_STRING_CATALOGS = YES;
				MTL_ENABLE_DEBUG_INFO = NO;
				MTL_FAST_MATH = YES;
				SDKROOT = iphoneos;
				SWIFT_COMPILATION_MODE = wholemodule;
				VALIDATE_PRODUCT = YES;
			};
			name = Release;
		};
		E35301162F32547700A44B66 /* Debug */ = {
			isa = XCBuildConfiguration;
			buildSettings = {
				ASSETCATALOG_COMPILER_APPICON_NAME = AppIcon;
				ASSETCATALOG_COMPILER_GLOBAL_ACCENT_COLOR_NAME = AccentColor;
				CODE_SIGN_STYLE = Automatic;
				CURRENT_PROJECT_VERSION = 1;
				DEVELOPMENT_TEAM = H2Y53FQ2T5;
				ENABLE_PREVIEWS = YES;
				GENERATE_INFOPLIST_FILE = YES;
				INFOPLIST_FILE = BraidingGameSpriteKit/Info.plist;
				INFOPLIST_KEY_UIApplicationSceneManifest_Generation = YES;
				INFOPLIST_KEY_UIApplicationSupportsIndirectInputEvents = YES;
				INFOPLIST_KEY_UILaunchScreen_Generation = YES;
				INFOPLIST_KEY_UIStatusBarStyle = "";
				INFOPLIST_KEY_UISupportedInterfaceOrientations = "UIInterfaceOrientationLandscapeLeft UIInterfaceOrientationLandscapeRight UIInterfaceOrientationPortrait UIInterfaceOrientationPortraitUpsideDown";
				LD_RUNPATH_SEARCH_PATHS = (
					"$(inherited)",
					"@executable_path/Frameworks",
				);
				MARKETING_VERSION = 1.0;
				PRODUCT_BUNDLE_IDENTIFIER = "com.Rhonda-Davis.BraidingGameSpriteKit";
				PRODUCT_NAME = "$(TARGET_NAME)";
				STRING_CATALOG_GENERATE_SYMBOLS = YES;
				SWIFT_APPROACHABLE_CONCURRENCY = YES;
				SWIFT_DEFAULT_ACTOR_ISOLATION = MainActor;
				SWIFT_EMIT_LOC_STRINGS = YES;
				SWIFT_UPCOMING_FEATURE_MEMBER_IMPORT_VISIBILITY = YES;
				SWIFT_VERSION = 5.0;
				TARGETED_DEVICE_FAMILY = "1,2";
			};
			name = Debug;
		};
		E35301172F32547700A44B66 /* Release */ = {
			isa = XCBuildConfiguration;
			buildSettings = {
				ASSETCATALOG_COMPILER_APPICON_NAME = AppIcon;
				ASSETCATALOG_COMPILER_GLOBAL_ACCENT_COLOR_NAME = AccentColor;
				CODE_SIGN_STYLE = Automatic;
				CURRENT_PROJECT_VERSION = 1;
				DEVELOPMENT_TEAM = H2Y53FQ2T5;
				ENABLE_PREVIEWS = YES;
				GENERATE_INFOPLIST_FILE = YES;
				INFOPLIST_FILE = BraidingGameSpriteKit/Info.plist;
				INFOPLIST_KEY_UIApplicationSceneManifest_Generation = YES;
				INFOPLIST_KEY_UIApplicationSupportsIndirectInputEvents = YES;
				INFOPLIST_KEY_UILaunchScreen_Generation = YES;
				INFOPLIST_KEY_UIStatusBarStyle = "";
				INFOPLIST_KEY_UISupportedInterfaceOrientations = "UIInterfaceOrientationLandscapeLeft UIInterfaceOrientationLandscapeRight UIInterfaceOrientationPortrait UIInterfaceOrientationPortraitUpsideDown";
				LD_RUNPATH_SEARCH_PATHS = (
					"$(inherited)",
					"@executable_path/Frameworks",
				);
				MARKETING_VERSION = 1.0;
				PRODUCT_BUNDLE_IDENTIFIER = "com.Rhonda-Davis.BraidingGameSpriteKit";
				PRODUCT_NAME = "$(TARGET_NAME)";
				STRING_CATALOG_GENERATE_SYMBOLS = YES;
				SWIFT_APPROACHABLE_CONCURRENCY = YES;
				SWIFT_DEFAULT_ACTOR_ISOLATION = MainActor;
				SWIFT_EMIT_LOC_STRINGS = YES;
				SWIFT_UPCOMING_FEATURE_MEMBER_IMPORT_VISIBILITY = YES;
				SWIFT_VERSION = 5.0;
				TARGETED_DEVICE_FAMILY = "1,2";
			};
			name = Release;
		};
		E35301192F32547700A44B66 /* Debug */ = {
			isa = XCBuildConfiguration;
			buildSettings = {
				BUNDLE_LOADER = "$(TEST_HOST)";
				CODE_SIGN_STYLE = Automatic;
				CURRENT_PROJECT_VERSION = 1;
				DEVELOPMENT_TEAM = 594SKYZ8NY;
				GENERATE_INFOPLIST_FILE = YES;
				IPHONEOS_DEPLOYMENT_TARGET = 26.2;
				MARKETING_VERSION = 1.0;
				PRODUCT_BUNDLE_IDENTIFIER = "com.Rhonda-Davis.BraidingGameSpriteKitTests";
				PRODUCT_NAME = "$(TARGET_NAME)";
				STRING_CATALOG_GENERATE_SYMBOLS = NO;
				SWIFT_APPROACHABLE_CONCURRENCY = YES;
				SWIFT_EMIT_LOC_STRINGS = NO;
				SWIFT_UPCOMING_FEATURE_MEMBER_IMPORT_VISIBILITY = YES;
				SWIFT_VERSION = 5.0;
				TARGETED_DEVICE_FAMILY = "1,2";
				TEST_HOST = "$(BUILT_PRODUCTS_DIR)/BraidingGameSpriteKit.app/$(BUNDLE_EXECUTABLE_FOLDER_PATH)/BraidingGameSpriteKit";
			};
			name = Debug;
		};
		E353011A2F32547700A44B66 /* Release */ = {
			isa = XCBuildConfiguration;
			buildSettings = {
				BUNDLE_LOADER = "$(TEST_HOST)";
				CODE_SIGN_STYLE = Automatic;
				CURRENT_PROJECT_VERSION = 1;
				DEVELOPMENT_TEAM = 594SKYZ8NY;
				GENERATE_INFOPLIST_FILE = YES;
				IPHONEOS_DEPLOYMENT_TARGET = 26.2;
				MARKETING_VERSION = 1.0;
				PRODUCT_BUNDLE_IDENTIFIER = "com.Rhonda-Davis.BraidingGameSpriteKitTests";
				PRODUCT_NAME = "$(TARGET_NAME)";
				STRING_CATALOG_GENERATE_SYMBOLS = NO;
				SWIFT_APPROACHABLE_CONCURRENCY = YES;
				SWIFT_EMIT_LOC_STRINGS = NO;
				SWIFT_UPCOMING_FEATURE_MEMBER_IMPORT_VISIBILITY = YES;
				SWIFT_VERSION = 5.0;
				TARGETED_DEVICE_FAMILY = "1,2";
				TEST_HOST = "$(BUILT_PRODUCTS_DIR)/BraidingGameSpriteKit.app/$(BUNDLE_EXECUTABLE_FOLDER_PATH)/BraidingGameSpriteKit";
			};
			name = Release;
		};
		E353011C2F32547700A44B66 /* Debug */ = {
			isa = XCBuildConfiguration;
			buildSettings = {
				CODE_SIGN_STYLE = Automatic;
				CURRENT_PROJECT_VERSION = 1;
				DEVELOPMENT_TEAM = 594SKYZ8NY;
				GENERATE_INFOPLIST_FILE = YES;
				MARKETING_VERSION = 1.0;
				PRODUCT_BUNDLE_IDENTIFIER = "com.Rhonda-Davis.BraidingGameSpriteKitUITests";
				PRODUCT_NAME = "$(TARGET_NAME)";
				STRING_CATALOG_GENERATE_SYMBOLS = NO;
				SWIFT_APPROACHABLE_CONCURRENCY = YES;
				SWIFT_EMIT_LOC_STRINGS = NO;
				SWIFT_UPCOMING_FEATURE_MEMBER_IMPORT_VISIBILITY = YES;
				SWIFT_VERSION = 5.0;
				TARGETED_DEVICE_FAMILY = "1,2";
				TEST_TARGET_NAME = BraidingGameSpriteKit;
			};
			name = Debug;
		};
		E353011D2F32547700A44B66 /* Release */ = {
			isa = XCBuildConfiguration;
			buildSettings = {
				CODE_SIGN_STYLE = Automatic;
				CURRENT_PROJECT_VERSION = 1;
				DEVELOPMENT_TEAM = 594SKYZ8NY;
				GENERATE_INFOPLIST_FILE = YES;
				MARKETING_VERSION = 1.0;
				PRODUCT_BUNDLE_IDENTIFIER = "com.Rhonda-Davis.BraidingGameSpriteKitUITests";
				PRODUCT_NAME = "$(TARGET_NAME)";
				STRING_CATALOG_GENERATE_SYMBOLS = NO;
				SWIFT_APPROACHABLE_CONCURRENCY = YES;
				SWIFT_EMIT_LOC_STRINGS = NO;
				SWIFT_UPCOMING_FEATURE_MEMBER_IMPORT_VISIBILITY = YES;
				SWIFT_VERSION = 5.0;
				TARGETED_DEVICE_FAMILY = "1,2";
				TEST_TARGET_NAME = BraidingGameSpriteKit;
			};
			name = Release;
		};
/* End XCBuildConfiguration section */

/* Begin XCConfigurationList section */
		E35300EF2F32547600A44B66 /* Build configuration list for PBXProject "BraidingGameSpriteKit" */ = {
			isa = XCConfigurationList;
			buildConfigurations = (
				E35301132F32547700A44B66 /* Debug */,
				E35301142F32547700A44B66 /* Release */,
			);
			defaultConfigurationIsVisible = 0;
			defaultConfigurationName = Release;
		};
		E35301152F32547700A44B66 /* Build configuration list for PBXNativeTarget "BraidingGameSpriteKit" */ = {
			isa = XCConfigurationList;
			buildConfigurations = (
				E35301162F32547700A44B66 /* Debug */,
				E35301172F32547700A44B66 /* Release */,
			);
			defaultConfigurationIsVisible = 0;
			defaultConfigurationName = Release;
		};
		E35301182F32547700A44B66 /* Build configuration list for PBXNativeTarget "BraidingGameSpriteKitTests" */ = {
			isa = XCConfigurationList;
			buildConfigurations = (
				E35301192F32547700A44B66 /* Debug */,
				E353011A2F32547700A44B66 /* Release */,
			);
			defaultConfigurationIsVisible = 0;
			defaultConfigurationName = Release;
		};
		E353011B2F32547700A44B66 /* Build configuration list for PBXNativeTarget "BraidingGameSpriteKitUITests" */ = {
			isa = XCConfigurationList;
			buildConfigurations = (
				E353011C2F32547700A44B66 /* Debug */,
				E353011D2F32547700A44B66 /* Release */,
			);
			defaultConfigurationIsVisible = 0;
			defaultConfigurationName = Release;
		};
/* End XCConfigurationList section */
	};
	rootObject = E35300EC2F32547600A44B66 /* Project object */;
}
